
Microsoft Visual Studio Solution File, Format Version 12.00
# Visual Studio Version 17
VisualStudioVersion = 17.14.36414.22 d17.14
MinimumVisualStudioVersion = 10.0.40219.1
Project("{FAE04EC0-301F-11D3-BF4B-00C04F79EFBC}") = "QuartaQuestao", "QuartaQuestao\QuartaQuestao.csproj", "{2EE5AFE0-6BEF-48D0-B713-6ADCAA472D83}"
EndProject
Global
	GlobalSection(SolutionConfigurationPlatforms) = preSolution
		Debug|Any CPU = Debug|Any CPU
		Release|Any CPU = Release|Any CPU
	EndGlobalSection
	GlobalSection(ProjectConfigurationPlatforms) = postSolution
		{2EE5AFE0-6BEF-48D0-B713-6ADCAA472D83}.Debug|Any CPU.ActiveCfg = Debug|Any CPU
		{2EE5AFE0-6BEF-48D0-B713-6ADCAA472D83}.Debug|Any CPU.Build.0 = Debug|Any CPU
		{2EE5AFE0-6BEF-48D0-B713-6ADCAA472D83}.Release|Any CPU.ActiveCfg = Release|Any CPU
		{2EE5AFE0-6BEF-48D0-B713-6ADCAA472D83}.Release|Any CPU.Build.0 = Release|Any CPU
	EndGlobalSection
	GlobalSection(SolutionProperties) = preSolution
		HideSolutionNode = FALSE
	EndGlobalSection
	GlobalSection(ExtensibilityGlobals) = postSolution
		SolutionGuid = {21844CA3-CB4F-4F0A-A259-A1FC3352AF26}
	EndGlobalSection
EndGlobal
